
Microsoft Visual Studio Solution File, Format Version 12.00
# Visual Studio Version 16
VisualStudioVersion = 16.0.31702.278
MinimumVisualStudioVersion = 10.0.40219.1
Project("{FAE04EC0-301F-11D3-BF4B-00C04F79EFBC}") = "GFX Package", "GFX Package\GFX Package.csproj", "{297FC36A-CFE5-431B-88B1-3807F36C7798}"
EndProject
Global
	GlobalSection(SolutionConfigurationPlatforms) = preSolution
		Debug|Any CPU = Debug|Any CPU
		Release|Any CPU = Release|Any CPU
	EndGlobalSection
	GlobalSection(ProjectConfigurationPlatforms) = postSolution
		{297FC36A-CFE5-431B-88B1-3807F36C7798}.Debug|Any CPU.ActiveCfg = Debug|Any CPU
		{297FC36A-CFE5-431B-88B1-3807F36C7798}.Debug|Any CPU.Build.0 = Debug|Any CPU
		{297FC36A-CFE5-431B-88B1-3807F36C7798}.Release|Any CPU.ActiveCfg = Release|Any CPU
		{297FC36A-CFE5-431B-88B1-3807F36C7798}.Release|Any CPU.Build.0 = Release|Any CPU
	EndGlobalSection
	GlobalSection(SolutionProperties) = preSolution
		HideSolutionNode = FALSE
	EndGlobalSection
	GlobalSection(ExtensibilityGlobals) = postSolution
		SolutionGuid = {4F848C3B-A8C1-4B54-B365-9F681ACDF918}
	EndGlobalSection
EndGlobal
